
Microsoft Visual Studio Solution File, Format Version 12.00
# Visual Studio Version 16
VisualStudioVersion = 16.0.31729.503
MinimumVisualStudioVersion = 10.0.40219.1
Project("{FAE04EC0-301F-11D3-BF4B-00C04F79EFBC}") = "Supermarket.Model", "Supermarket.Model\Supermarket.Model.csproj", "{315DD0EA-C53E-46C0-A161-B4EB47D35B24}"
EndProject
Project("{FAE04EC0-301F-11D3-BF4B-00C04F79EFBC}") = "Supermarket.DAL", "Supermarket.DAL\Supermarket.DAL.csproj", "{668E755B-BEEC-4339-8039-25D6F85D5407}"
EndProject
Global
	GlobalSection(SolutionConfigurationPlatforms) = preSolution
		Debug|Any CPU = Debug|Any CPU
		Release|Any CPU = Release|Any CPU
	EndGlobalSection
	GlobalSection(ProjectConfigurationPlatforms) = postSolution
		{315DD0EA-C53E-46C0-A161-B4EB47D35B24}.Debug|Any CPU.ActiveCfg = Debug|Any CPU
		{315DD0EA-C53E-46C0-A161-B4EB47D35B24}.Debug|Any CPU.Build.0 = Debug|Any CPU
		{315DD0EA-C53E-46C0-A161-B4EB47D35B24}.Release|Any CPU.ActiveCfg = Release|Any CPU
		{315DD0EA-C53E-46C0-A161-B4EB47D35B24}.Release|Any CPU.Build.0 = Release|Any CPU
		{668E755B-BEEC-4339-8039-25D6F85D5407}.Debug|Any CPU.ActiveCfg = Debug|Any CPU
		{668E755B-BEEC-4339-8039-25D6F85D5407}.Debug|Any CPU.Build.0 = Debug|Any CPU
		{668E755B-BEEC-4339-8039-25D6F85D5407}.Release|Any CPU.ActiveCfg = Release|Any CPU
		{668E755B-BEEC-4339-8039-25D6F85D5407}.Release|Any CPU.Build.0 = Release|Any CPU
	EndGlobalSection
	GlobalSection(SolutionProperties) = preSolution
		HideSolutionNode = FALSE
	EndGlobalSection
	GlobalSection(ExtensibilityGlobals) = postSolution
		SolutionGuid = {934DAD9D-EC59-4097-B573-BF5702786589}
	EndGlobalSection
EndGlobal
